
Microsoft Visual Studio Solution File, Format Version 12.00
# Visual Studio Version 17
VisualStudioVersion = 17.8.34330.188
MinimumVisualStudioVersion = 10.0.40219.1
Project("{8BC9CEB8-8B4A-11D0-8D11-00A0C91BC942}") = "MYSTL", "MYSTL.vcxproj", "{B3A62EEC-0DB7-46EB-ABC8-591182F07C8F}"
EndProject
Global
	GlobalSection(SolutionConfigurationPlatforms) = preSolution
		Debug|x64 = Debug|x64
		Debug|x86 = Debug|x86
		Release|x64 = Release|x64
		Release|x86 = Release|x86
	EndGlobalSection
	GlobalSection(ProjectConfigurationPlatforms) = postSolution
		{B3A62EEC-0DB7-46EB-ABC8-591182F07C8F}.Debug|x64.ActiveCfg = Debug|x64
		{B3A62EEC-0DB7-46EB-ABC8-591182F07C8F}.Debug|x64.Build.0 = Debug|x64
		{B3A62EEC-0DB7-46EB-ABC8-591182F07C8F}.Debug|x86.ActiveCfg = Debug|Win32
		{B3A62EEC-0DB7-46EB-ABC8-591182F07C8F}.Debug|x86.Build.0 = Debug|Win32
		{B3A62EEC-0DB7-46EB-ABC8-591182F07C8F}.Release|x64.ActiveCfg = Release|x64
		{B3A62EEC-0DB7-46EB-ABC8-591182F07C8F}.Release|x64.Build.0 = Release|x64
		{B3A62EEC-0DB7-46EB-ABC8-591182F07C8F}.Release|x86.ActiveCfg = Release|Win32
		{B3A62EEC-0DB7-46EB-ABC8-591182F07C8F}.Release|x86.Build.0 = Release|Win32
	EndGlobalSection
	GlobalSection(SolutionProperties) = preSolution
		HideSolutionNode = FALSE
	EndGlobalSection
	GlobalSection(ExtensibilityGlobals) = postSolution
		SolutionGuid = {14606F3E-0B8C-4660-81E5-A117D4FD606E}
	EndGlobalSection
EndGlobal
